// !$*UTF8*$!
{
	archiveVersion = 1;
	classes = {
	};
	objectVersion = 46;
	objects = {

/* Begin PBXBuildFile section */
		AEDBF85788AD19147485A4E5 /* libPods-HYYSDKGroup.a in Frameworks */ = {isa = PBXBuildFile; fileRef = 51B3EDEE873DB9D8FB45271A /* libPods-HYYSDKGroup.a */; };
		AF092D821E56F71C00D85BCA /* main.m in Sources */ = {isa = PBXBuildFile; fileRef = AF092D811E56F71C00D85BCA /* main.m */; };
		AF092D851E56F71C00D85BCA /* AppDelegate.m in Sources */ = {isa = PBXBuildFile; fileRef = AF092D841E56F71C00D85BCA /* AppDelegate.m */; };
		AF092D8D1E56F71C00D85BCA /* Assets.xcassets in Resources */ = {isa = PBXBuildFile; fileRef = AF092D8C1E56F71C00D85BCA /* Assets.xcassets */; };
		AF092D901E56F71C00D85BCA /* LaunchScreen.storyboard in Resources */ = {isa = PBXBuildFile; fileRef = AF092D8E1E56F71C00D85BCA /* LaunchScreen.storyboard */; };
		AF092DAC1E56FD2B00D85BCA /* HYYMainViewController.m in Sources */ = {isa = PBXBuildFile; fileRef = AF092DA61E56FD2B00D85BCA /* HYYMainViewController.m */; };
		AF092DAF1E56FF8B00D85BCA /* HYYOneViewController.m in Sources */ = {isa = PBXBuildFile; fileRef = AF092DAE1E56FF8B00D85BCA /* HYYOneViewController.m */; };
		AF092DB21E57055200D85BCA /* HYYTabBarViewController.m in Sources */ = {isa = PBXBuildFile; fileRef = AF092DB11E57055200D85BCA /* HYYTabBarViewController.m */; };
		AF293D661E59833E00F2315B /* HYYProximityViewController.m in Sources */ = {isa = PBXBuildFile; fileRef = AF293D651E59833E00F2315B /* HYYProximityViewController.m */; };
		AF293D6A1E598C0C00F2315B /* HYYMotionViewController.m in Sources */ = {isa = PBXBuildFile; fileRef = AF293D691E598C0C00F2315B /* HYYMotionViewController.m */; };
		AF293D6E1E5AAE0100F2315B /* HYYLONoteViewController.m in Sources */ = {isa = PBXBuildFile; fileRef = AF293D6D1E5AAE0100F2315B /* HYYLONoteViewController.m */; };
		AFB78B691E5804B200764F9C /* HYYOneCollectionViewCell.m in Sources */ = {isa = PBXBuildFile; fileRef = AFB78B681E5804B200764F9C /* HYYOneCollectionViewCell.m */; };
		AFB78B6C1E58051F00764F9C /* oneModel.m in Sources */ = {isa = PBXBuildFile; fileRef = AFB78B6B1E58051F00764F9C /* oneModel.m */; };
		AFB78B701E5808EE00764F9C /* HYYFingerViewController.m in Sources */ = {isa = PBXBuildFile; fileRef = AFB78B6F1E5808EE00764F9C /* HYYFingerViewController.m */; };
/* End PBXBuildFile section */

/* Begin PBXFileReference section */
		167814BCED443CB3A1AA1566 /* Pods-HYYSDKGroup.release.xcconfig */ = {isa = PBXFileReference; includeInIndex = 1; lastKnownFileType = text.xcconfig; name = "Pods-HYYSDKGroup.release.xcconfig"; path = "Pods/Target Support Files/Pods-HYYSDKGroup/Pods-HYYSDKGroup.release.xcconfig"; sourceTree = "<group>"; };
		51B3EDEE873DB9D8FB45271A /* libPods-HYYSDKGroup.a */ = {isa = PBXFileReference; explicitFileType = archive.ar; includeInIndex = 0; path = "libPods-HYYSDKGroup.a"; sourceTree = BUILT_PRODUCTS_DIR; };
		5F4E9E2686846A0D7F5C9243 /* Pods-HYYSDKGroup.debug.xcconfig */ = {isa = PBXFileReference; includeInIndex = 1; lastKnownFileType = text.xcconfig; name = "Pods-HYYSDKGroup.debug.xcconfig"; path = "Pods/Target Support Files/Pods-HYYSDKGroup/Pods-HYYSDKGroup.debug.xcconfig"; sourceTree = "<group>"; };
		AF092D7D1E56F71C00D85BCA /* HYYSDKGroup.app */ = {isa = PBXFileReference; explicitFileType = wrapper.application; includeInIndex = 0; path = HYYSDKGroup.app; sourceTree = BUILT_PRODUCTS_DIR; };
		AF092D811E56F71C00D85BCA /* main.m */ = {isa = PBXFileReference; lastKnownFileType = sourcecode.c.objc; path = main.m; sourceTree = "<group>"; };
		AF092D831E56F71C00D85BCA /* AppDelegate.h */ = {isa = PBXFileReference; lastKnownFileType = sourcecode.c.h; path = AppDelegate.h; sourceTree = "<group>"; };
		AF092D841E56F71C00D85BCA /* AppDelegate.m */ = {isa = PBXFileReference; lastKnownFileType = sourcecode.c.objc; path = AppDelegate.m; sourceTree = "<group>"; };
		AF092D8C1E56F71C00D85BCA /* Assets.xcassets */ = {isa = PBXFileReference; lastKnownFileType = folder.assetcatalog; path = Assets.xcassets; sourceTree = "<group>"; };
		AF092D8F1E56F71C00D85BCA /* Base */ = {isa = PBXFileReference; lastKnownFileType = file.storyboard; name = Base; path = Base.lproj/LaunchScreen.storyboard; sourceTree = "<group>"; };
		AF092D911E56F71C00D85BCA /* Info.plist */ = {isa = PBXFileReference; lastKnownFileType = text.plist.xml; path = Info.plist; sourceTree = "<group>"; };
		AF092DA51E56FD2B00D85BCA /* HYYMainViewController.h */ = {isa = PBXFileReference; fileEncoding = 4; lastKnownFileType = sourcecode.c.h; path = HYYMainViewController.h; sourceTree = "<group>"; };
		AF092DA61E56FD2B00D85BCA /* HYYMainViewController.m */ = {isa = PBXFileReference; fileEncoding = 4; lastKnownFileType = sourcecode.c.objc; path = HYYMainViewController.m; sourceTree = "<group>"; };
		AF092DAD1E56FF8B00D85BCA /* HYYOneViewController.h */ = {isa = PBXFileReference; fileEncoding = 4; lastKnownFileType = sourcecode.c.h; path = HYYOneViewController.h; sourceTree = "<group>"; };
		AF092DAE1E56FF8B00D85BCA /* HYYOneViewController.m */ = {isa = PBXFileReference; fileEncoding = 4; lastKnownFileType = sourcecode.c.objc; path = HYYOneViewController.m; sourceTree = "<group>"; };
		AF092DB01E57055200D85BCA /* HYYTabBarViewController.h */ = {isa = PBXFileReference; fileEncoding = 4; lastKnownFileType = sourcecode.c.h; path = HYYTabBarViewController.h; sourceTree = "<group>"; };
		AF092DB11E57055200D85BCA /* HYYTabBarViewController.m */ = {isa = PBXFileReference; fileEncoding = 4; lastKnownFileType = sourcecode.c.objc; path = HYYTabBarViewController.m; sourceTree = "<group>"; };
		AF293D621E58A2BD00F2315B /* PrefixHeader.pch */ = {isa = PBXFileReference; lastKnownFileType = sourcecode.c.h; path = PrefixHeader.pch; sourceTree = "<group>"; };
		AF293D641E59833E00F2315B /* HYYProximityViewController.h */ = {isa = PBXFileReference; fileEncoding = 4; lastKnownFileType = sourcecode.c.h; path = HYYProximityViewController.h; sourceTree = "<group>"; };
		AF293D651E59833E00F2315B /* HYYProximityViewController.m */ = {isa = PBXFileReference; fileEncoding = 4; lastKnownFileType = sourcecode.c.objc; path = HYYProximityViewController.m; sourceTree = "<group>"; };
		AF293D681E598C0C00F2315B /* HYYMotionViewController.h */ = {isa = PBXFileReference; fileEncoding = 4; lastKnownFileType = sourcecode.c.h; path = HYYMotionViewController.h; sourceTree = "<group>"; };
		AF293D691E598C0C00F2315B /* HYYMotionViewController.m */ = {isa = PBXFileReference; fileEncoding = 4; lastKnownFileType = sourcecode.c.objc; path = HYYMotionViewController.m; sourceTree = "<group>"; };
		AF293D6C1E5AAE0100F2315B /* HYYLONoteViewController.h */ = {isa = PBXFileReference; fileEncoding = 4; lastKnownFileType = sourcecode.c.h; path = HYYLONoteViewController.h; sourceTree = "<group>"; };
		AF293D6D1E5AAE0100F2315B /* HYYLONoteViewController.m */ = {isa = PBXFileReference; fileEncoding = 4; lastKnownFileType = sourcecode.c.objc; path = HYYLONoteViewController.m; sourceTree = "<group>"; };
		AFB78B671E5804B200764F9C /* HYYOneCollectionViewCell.h */ = {isa = PBXFileReference; fileEncoding = 4; lastKnownFileType = sourcecode.c.h; path = HYYOneCollectionViewCell.h; sourceTree = "<group>"; };
		AFB78B681E5804B200764F9C /* HYYOneCollectionViewCell.m */ = {isa = PBXFileReference; fileEncoding = 4; lastKnownFileType = sourcecode.c.objc; path = HYYOneCollectionViewCell.m; sourceTree = "<group>"; };
		AFB78B6A1E58051F00764F9C /* oneModel.h */ = {isa = PBXFileReference; fileEncoding = 4; lastKnownFileType = sourcecode.c.h; path = oneModel.h; sourceTree = "<group>"; };
		AFB78B6B1E58051F00764F9C /* oneModel.m */ = {isa = PBXFileReference; fileEncoding = 4; lastKnownFileType = sourcecode.c.objc; path = oneModel.m; sourceTree = "<group>"; };
		AFB78B6E1E5808EE00764F9C /* HYYFingerViewController.h */ = {isa = PBXFileReference; fileEncoding = 4; lastKnownFileType = sourcecode.c.h; path = HYYFingerViewController.h; sourceTree = "<group>"; };
		AFB78B6F1E5808EE00764F9C /* HYYFingerViewController.m */ = {isa = PBXFileReference; fileEncoding = 4; lastKnownFileType = sourcecode.c.objc; path = HYYFingerViewController.m; sourceTree = "<group>"; };
/* End PBXFileReference section */

/* Begin PBXFrameworksBuildPhase section */
		AF092D7A1E56F71C00D85BCA /* Frameworks */ = {
			isa = PBXFrameworksBuildPhase;
			buildActionMask = 2147483647;
			files = (
				AEDBF85788AD19147485A4E5 /* libPods-HYYSDKGroup.a in Frameworks */,
			);
			runOnlyForDeploymentPostprocessing = 0;
		};
/* End PBXFrameworksBuildPhase section */

/* Begin PBXGroup section */
		608EF77A46FC399974DAE1E2 /* Pods */ = {
			isa = PBXGroup;
			children = (
				5F4E9E2686846A0D7F5C9243 /* Pods-HYYSDKGroup.debug.xcconfig */,
				167814BCED443CB3A1AA1566 /* Pods-HYYSDKGroup.release.xcconfig */,
			);
			name = Pods;
			sourceTree = "<group>";
		};
		AF092D741E56F71C00D85BCA = {
			isa = PBXGroup;
			children = (
				AF092D7F1E56F71C00D85BCA /* HYYSDKGroup */,
				AF092D7E1E56F71C00D85BCA /* Products */,
				608EF77A46FC399974DAE1E2 /* Pods */,
				BB0784CEB9D387349C637DD1 /* Frameworks */,
			);
			sourceTree = "<group>";
		};
		AF092D7E1E56F71C00D85BCA /* Products */ = {
			isa = PBXGroup;
			children = (
				AF092D7D1E56F71C00D85BCA /* HYYSDKGroup.app */,
			);
			name = Products;
			sourceTree = "<group>";
		};
		AF092D7F1E56F71C00D85BCA /* HYYSDKGroup */ = {
			isa = PBXGroup;
			children = (
				AF092D831E56F71C00D85BCA /* AppDelegate.h */,
				AF092D841E56F71C00D85BCA /* AppDelegate.m */,
				AF092DA31E56FD2B00D85BCA /* Classes */,
				AF092D8C1E56F71C00D85BCA /* Assets.xcassets */,
				AF092D8E1E56F71C00D85BCA /* LaunchScreen.storyboard */,
				AF092D911E56F71C00D85BCA /* Info.plist */,
				AF092D801E56F71C00D85BCA /* Supporting Files */,
			);
			path = HYYSDKGroup;
			sourceTree = "<group>";
		};
		AF092D801E56F71C00D85BCA /* Supporting Files */ = {
			isa = PBXGroup;
			children = (
				AF092D811E56F71C00D85BCA /* main.m */,
				AF293D621E58A2BD00F2315B /* PrefixHeader.pch */,
			);
			name = "Supporting Files";
			sourceTree = "<group>";
		};
		AF092DA31E56FD2B00D85BCA /* Classes */ = {
			isa = PBXGroup;
			children = (
				AF092DA41E56FD2B00D85BCA /* Main */,
				AF092DA71E56FD2B00D85BCA /* OneVc */,
			);
			path = Classes;
			sourceTree = "<group>";
		};
		AF092DA41E56FD2B00D85BCA /* Main */ = {
			isa = PBXGroup;
			children = (
				AF092DA51E56FD2B00D85BCA /* HYYMainViewController.h */,
				AF092DA61E56FD2B00D85BCA /* HYYMainViewController.m */,
				AF092DB01E57055200D85BCA /* HYYTabBarViewController.h */,
				AF092DB11E57055200D85BCA /* HYYTabBarViewController.m */,
			);
			path = Main;
			sourceTree = "<group>";
		};
		AF092DA71E56FD2B00D85BCA /* OneVc */ = {
			isa = PBXGroup;
			children = (
				AF293D6B1E5AADE900F2315B /* LONote(本地推送) */,
				AF293D671E598BFB00F2315B /* motion(摇一摇) */,
				AF293D631E59831F00F2315B /* proximity(距离传感) */,
				AFB78B6D1E5808C500764F9C /* finger(指纹) */,
				AF092DA81E56FD2B00D85BCA /* Controller */,
				AF092DA91E56FD2B00D85BCA /* Model */,
				AF092DAA1E56FD2B00D85BCA /* Others */,
				AF092DAB1E56FD2B00D85BCA /* View */,
			);
			path = OneVc;
			sourceTree = "<group>";
		};
		AF092DA81E56FD2B00D85BCA /* Controller */ = {
			isa = PBXGroup;
			children = (
				AF092DAD1E56FF8B00D85BCA /* HYYOneViewController.h */,
				AF092DAE1E56FF8B00D85BCA /* HYYOneViewController.m */,
			);
			path = Controller;
			sourceTree = "<group>";
		};
		AF092DA91E56FD2B00D85BCA /* Model */ = {
			isa = PBXGroup;
			children = (
				AFB78B6A1E58051F00764F9C /* oneModel.h */,
				AFB78B6B1E58051F00764F9C /* oneModel.m */,
			);
			path = Model;
			sourceTree = "<group>";
		};
		AF092DAA1E56FD2B00D85BCA /* Others */ = {
			isa = PBXGroup;
			children = (
			);
			path = Others;
			sourceTree = "<group>";
		};
		AF092DAB1E56FD2B00D85BCA /* View */ = {
			isa = PBXGroup;
			children = (
				AFB78B671E5804B200764F9C /* HYYOneCollectionViewCell.h */,
				AFB78B681E5804B200764F9C /* HYYOneCollectionViewCell.m */,
			);
			path = View;
			sourceTree = "<group>";
		};
		AF293D631E59831F00F2315B /* proximity(距离传感) */ = {
			isa = PBXGroup;
			children = (
				AF293D641E59833E00F2315B /* HYYProximityViewController.h */,
				AF293D651E59833E00F2315B /* HYYProximityViewController.m */,
			);
			path = "proximity(距离传感)";
			sourceTree = "<group>";
		};
		AF293D671E598BFB00F2315B /* motion(摇一摇) */ = {
			isa = PBXGroup;
			children = (
				AF293D681E598C0C00F2315B /* HYYMotionViewController.h */,
				AF293D691E598C0C00F2315B /* HYYMotionViewController.m */,
			);
			path = "motion(摇一摇)";
			sourceTree = "<group>";
		};
		AF293D6B1E5AADE900F2315B /* LONote(本地推送) */ = {
			isa = PBXGroup;
			children = (
				AF293D6C1E5AAE0100F2315B /* HYYLONoteViewController.h */,
				AF293D6D1E5AAE0100F2315B /* HYYLONoteViewController.m */,
			);
			name = "LONote(本地推送)";
			path = LONote;
			sourceTree = "<group>";
		};
		AFB78B6D1E5808C500764F9C /* finger(指纹) */ = {
			isa = PBXGroup;
			children = (
				AFB78B6E1E5808EE00764F9C /* HYYFingerViewController.h */,
				AFB78B6F1E5808EE00764F9C /* HYYFingerViewController.m */,
			);
			path = "finger(指纹)";
			sourceTree = "<group>";
		};
		BB0784CEB9D387349C637DD1 /* Frameworks */ = {
			isa = PBXGroup;
			children = (
				51B3EDEE873DB9D8FB45271A /* libPods-HYYSDKGroup.a */,
			);
			name = Frameworks;
			sourceTree = "<group>";
		};
/* End PBXGroup section */

/* Begin PBXNativeTarget section */
		AF092D7C1E56F71C00D85BCA /* HYYSDKGroup */ = {
			isa = PBXNativeTarget;
			buildConfigurationList = AF092D941E56F71C00D85BCA /* Build configuration list for PBXNativeTarget "HYYSDKGroup" */;
			buildPhases = (
				CA30F833F18E0BEB017004C7 /* [CP] Check Pods Manifest.lock */,
				AF092D791E56F71C00D85BCA /* Sources */,
				AF092D7A1E56F71C00D85BCA /* Frameworks */,
				AF092D7B1E56F71C00D85BCA /* Resources */,
				CF1362C95A72A45E2E8C30B9 /* [CP] Embed Pods Frameworks */,
				9D86331480F13DC26A2BDED3 /* [CP] Copy Pods Resources */,
			);
			buildRules = (
			);
			dependencies = (
			);
			name = HYYSDKGroup;
			productName = HYYSDKGroup;
			productReference = AF092D7D1E56F71C00D85BCA /* HYYSDKGroup.app */;
			productType = "com.apple.product-type.application";
		};
/* End PBXNativeTarget section */

/* Begin PBXProject section */
		AF092D751E56F71C00D85BCA /* Project object */ = {
			isa = PBXProject;
			attributes = {
				LastUpgradeCheck = 0810;
				ORGANIZATIONNAME = abc_show;
				TargetAttributes = {
					AF092D7C1E56F71C00D85BCA = {
						CreatedOnToolsVersion = 8.1;
						DevelopmentTeam = 5W5FRMW6GD;
						ProvisioningStyle = Automatic;
					};
				};
			};
			buildConfigurationList = AF092D781E56F71C00D85BCA /* Build configuration list for PBXProject "HYYSDKGroup" */;
			compatibilityVersion = "Xcode 3.2";
			developmentRegion = English;
			hasScannedForEncodings = 0;
			knownRegions = (
				en,
				Base,
			);
			mainGroup = AF092D741E56F71C00D85BCA;
			productRefGroup = AF092D7E1E56F71C00D85BCA /* Products */;
			projectDirPath = "";
			projectRoot = "";
			targets = (
				AF092D7C1E56F71C00D85BCA /* HYYSDKGroup */,
			);
		};
/* End PBXProject section */

/* Begin PBXResourcesBuildPhase section */
		AF092D7B1E56F71C00D85BCA /* Resources */ = {
			isa = PBXResourcesBuildPhase;
			buildActionMask = 2147483647;
			files = (
				AF092D901E56F71C00D85BCA /* LaunchScreen.storyboard in Resources */,
				AF092D8D1E56F71C00D85BCA /* Assets.xcassets in Resources */,
			);
			runOnlyForDeploymentPostprocessing = 0;
		};
/* End PBXResourcesBuildPhase section */

/* Begin PBXShellScriptBuildPhase section */
		9D86331480F13DC26A2BDED3 /* [CP] Copy Pods Resources */ = {
			isa = PBXShellScriptBuildPhase;
			buildActionMask = 2147483647;
			files = (
			);
			inputPaths = (
			);
			name = "[CP] Copy Pods Resources";
			outputPaths = (
			);
			runOnlyForDeploymentPostprocessing = 0;
			shellPath = /bin/sh;
			shellScript = "\"${SRCROOT}/Pods/Target Support Files/Pods-HYYSDKGroup/Pods-HYYSDKGroup-resources.sh\"\n";
			showEnvVarsInLog = 0;
		};
		CA30F833F18E0BEB017004C7 /* [CP] Check Pods Manifest.lock */ = {
			isa = PBXShellScriptBuildPhase;
			buildActionMask = 2147483647;
			files = (
			);
			inputPaths = (
			);
			name = "[CP] Check Pods Manifest.lock";
			outputPaths = (
			);
			runOnlyForDeploymentPostprocessing = 0;
			shellPath = /bin/sh;
			shellScript = "diff \"${PODS_ROOT}/../Podfile.lock\" \"${PODS_ROOT}/Manifest.lock\" > /dev/null\nif [ $? != 0 ] ; then\n    # print error to STDERR\n    echo \"error: The sandbox is not in sync with the Podfile.lock. Run 'pod install' or update your CocoaPods installation.\" >&2\n    exit 1\nfi\n";
			showEnvVarsInLog = 0;
		};
		CF1362C95A72A45E2E8C30B9 /* [CP] Embed Pods Frameworks */ = {
			isa = PBXShellScriptBuildPhase;
			buildActionMask = 2147483647;
			files = (
			);
			inputPaths = (
			);
			name = "[CP] Embed Pods Frameworks";
			outputPaths = (
			);
			runOnlyForDeploymentPostprocessing = 0;
			shellPath = /bin/sh;
			shellScript = "\"${SRCROOT}/Pods/Target Support Files/Pods-HYYSDKGroup/Pods-HYYSDKGroup-frameworks.sh\"\n";
			showEnvVarsInLog = 0;
		};
/* End PBXShellScriptBuildPhase section */

/* Begin PBXSourcesBuildPhase section */
		AF092D791E56F71C00D85BCA /* Sources */ = {
			isa = PBXSourcesBuildPhase;
			buildActionMask = 2147483647;
			files = (
				AFB78B701E5808EE00764F9C /* HYYFingerViewController.m in Sources */,
				AF293D6A1E598C0C00F2315B /* HYYMotionViewController.m in Sources */,
				AF092DB21E57055200D85BCA /* HYYTabBarViewController.m in Sources */,
				AF092DAF1E56FF8B00D85BCA /* HYYOneViewController.m in Sources */,
				AFB78B6C1E58051F00764F9C /* oneModel.m in Sources */,
				AF092D851E56F71C00D85BCA /* AppDelegate.m in Sources */,
				AF293D661E59833E00F2315B /* HYYProximityViewController.m in Sources */,
				AF293D6E1E5AAE0100F2315B /* HYYLONoteViewController.m in Sources */,
				AF092D821E56F71C00D85BCA /* main.m in Sources */,
				AFB78B691E5804B200764F9C /* HYYOneCollectionViewCell.m in Sources */,
				AF092DAC1E56FD2B00D85BCA /* HYYMainViewController.m in Sources */,
			);
			runOnlyForDeploymentPostprocessing = 0;
		};
/* End PBXSourcesBuildPhase section */

/* Begin PBXVariantGroup section */
		AF092D8E1E56F71C00D85BCA /* LaunchScreen.storyboard */ = {
			isa = PBXVariantGroup;
			children = (
				AF092D8F1E56F71C00D85BCA /* Base */,
			);
			name = LaunchScreen.storyboard;
			sourceTree = "<group>";
		};
/* End PBXVariantGroup section */

/* Begin XCBuildConfiguration section */
		AF092D921E56F71C00D85BCA /* Debug */ = {
			isa = XCBuildConfiguration;
			buildSettings = {
				ALWAYS_SEARCH_USER_PATHS = NO;
				CLANG_ANALYZER_NONNULL = YES;
				CLANG_CXX_LANGUAGE_STANDARD = "gnu++0x";
				CLANG_CXX_LIBRARY = "libc++";
				CLANG_ENABLE_MODULES = YES;
				CLANG_ENABLE_OBJC_ARC = YES;
				CLANG_WARN_BOOL_CONVERSION = YES;
				CLANG_WARN_CONSTANT_CONVERSION = YES;
				CLANG_WARN_DIRECT_OBJC_ISA_USAGE = YES_ERROR;
				CLANG_WARN_DOCUMENTATION_COMMENTS = YES;
				CLANG_WARN_EMPTY_BODY = YES;
				CLANG_WARN_ENUM_CONVERSION = YES;
				CLANG_WARN_INFINITE_RECURSION = YES;
				CLANG_WARN_INT_CONVERSION = YES;
				CLANG_WARN_OBJC_ROOT_CLASS = YES_ERROR;
				CLANG_WARN_SUSPICIOUS_MOVES = YES;
				CLANG_WARN_UNREACHABLE_CODE = YES;
				CLANG_WARN__DUPLICATE_METHOD_MATCH = YES;
				"CODE_SIGN_IDENTITY[sdk=iphoneos*]" = "iPhone Developer";
				COPY_PHASE_STRIP = NO;
				DEBUG_INFORMATION_FORMAT = dwarf;
				ENABLE_STRICT_OBJC_MSGSEND = YES;
				ENABLE_TESTABILITY = YES;
				GCC_C_LANGUAGE_STANDARD = gnu99;
				GCC_DYNAMIC_NO_PIC = NO;
				GCC_NO_COMMON_BLOCKS = YES;
				GCC_OPTIMIZATION_LEVEL = 0;
				GCC_PREPROCESSOR_DEFINITIONS = (
					"DEBUG=1",
					"$(inherited)",
				);
				GCC_WARN_64_TO_32_BIT_CONVERSION = YES;
				GCC_WARN_ABOUT_RETURN_TYPE = YES_ERROR;
				GCC_WARN_UNDECLARED_SELECTOR = YES;
				GCC_WARN_UNINITIALIZED_AUTOS = YES_AGGRESSIVE;
				GCC_WARN_UNUSED_FUNCTION = YES;
				GCC_WARN_UNUSED_VARIABLE = YES;
				IPHONEOS_DEPLOYMENT_TARGET = 10.1;
				MTL_ENABLE_DEBUG_INFO = YES;
				ONLY_ACTIVE_ARCH = YES;
				SDKROOT = iphoneos;
			};
			name = Debug;
		};
		AF092D931E56F71C00D85BCA /* Release */ = {
			isa = XCBuildConfiguration;
			buildSettings = {
				ALWAYS_SEARCH_USER_PATHS = NO;
				CLANG_ANALYZER_NONNULL = YES;
				CLANG_CXX_LANGUAGE_STANDARD = "gnu++0x";
				CLANG_CXX_LIBRARY = "libc++";
				CLANG_ENABLE_MODULES = YES;
				CLANG_ENABLE_OBJC_ARC = YES;
				CLANG_WARN_BOOL_CONVERSION = YES;
				CLANG_WARN_CONSTANT_CONVERSION = YES;
				CLANG_WARN_DIRECT_OBJC_ISA_USAGE = YES_ERROR;
				CLANG_WARN_DOCUMENTATION_COMMENTS = YES;
				CLANG_WARN_EMPTY_BODY = YES;
				CLANG_WARN_ENUM_CONVERSION = YES;
				CLANG_WARN_INFINITE_RECURSION = YES;
				CLANG_WARN_INT_CONVERSION = YES;
				CLANG_WARN_OBJC_ROOT_CLASS = YES_ERROR;
				CLANG_WARN_SUSPICIOUS_MOVES = YES;
				CLANG_WARN_UNREACHABLE_CODE = YES;
				CLANG_WARN__DUPLICATE_METHOD_MATCH = YES;
				"CODE_SIGN_IDENTITY[sdk=iphoneos*]" = "iPhone Developer";
				COPY_PHASE_STRIP = NO;
				DEBUG_INFORMATION_FORMAT = "dwarf-with-dsym";
				ENABLE_NS_ASSERTIONS = NO;
				ENABLE_STRICT_OBJC_MSGSEND = YES;
				GCC_C_LANGUAGE_STANDARD = gnu99;
				GCC_NO_COMMON_BLOCKS = YES;
				GCC_WARN_64_TO_32_BIT_CONVERSION = YES;
				GCC_WARN_ABOUT_RETURN_TYPE = YES_ERROR;
				GCC_WARN_UNDECLARED_SELECTOR = YES;
				GCC_WARN_UNINITIALIZED_AUTOS = YES_AGGRESSIVE;
				GCC_WARN_UNUSED_FUNCTION = YES;
				GCC_WARN_UNUSED_VARIABLE = YES;
				IPHONEOS_DEPLOYMENT_TARGET = 10.1;
				MTL_ENABLE_DEBUG_INFO = NO;
				SDKROOT = iphoneos;
				VALIDATE_PRODUCT = YES;
			};
			name = Release;
		};
		AF092D951E56F71C00D85BCA /* Debug */ = {
			isa = XCBuildConfiguration;
			baseConfigurationReference = 5F4E9E2686846A0D7F5C9243 /* Pods-HYYSDKGroup.debug.xcconfig */;
			buildSettings = {
				ASSETCATALOG_COMPILER_APPICON_NAME = AppIcon;
				DEVELOPMENT_TEAM = 5W5FRMW6GD;
				GCC_PRECOMPILE_PREFIX_HEADER = YES;
				GCC_PREFIX_HEADER = "$(SRCROOT)/HYYSDKGroup/PrefixHeader.pch";
				INFOPLIST_FILE = HYYSDKGroup/Info.plist;
				IPHONEOS_DEPLOYMENT_TARGET = 8.0;
				LD_RUNPATH_SEARCH_PATHS = "$(inherited) @executable_path/Frameworks";
				PRODUCT_BUNDLE_IDENTIFIER = "com.abc-show.HYYSDKGroup";
				PRODUCT_NAME = "$(TARGET_NAME)";
			};
			name = Debug;
		};
		AF092D961E56F71C00D85BCA /* Release */ = {
			isa = XCBuildConfiguration;
			baseConfigurationReference = 167814BCED443CB3A1AA1566 /* Pods-HYYSDKGroup.release.xcconfig */;
			buildSettings = {
				ASSETCATALOG_COMPILER_APPICON_NAME = AppIcon;
				DEVELOPMENT_TEAM = 5W5FRMW6GD;
				GCC_PRECOMPILE_PREFIX_HEADER = YES;
				GCC_PREFIX_HEADER = "$(SRCROOT)/HYYSDKGroup/PrefixHeader.pch";
				INFOPLIST_FILE = HYYSDKGroup/Info.plist;
				IPHONEOS_DEPLOYMENT_TARGET = 8.0;
				LD_RUNPATH_SEARCH_PATHS = "$(inherited) @executable_path/Frameworks";
				PRODUCT_BUNDLE_IDENTIFIER = "com.abc-show.HYYSDKGroup";
				PRODUCT_NAME = "$(TARGET_NAME)";
			};
			name = Release;
		};
/* End XCBuildConfiguration section */

/* Begin XCConfigurationList section */
		AF092D781E56F71C00D85BCA /* Build configuration list for PBXProject "HYYSDKGroup" */ = {
			isa = XCConfigurationList;
			buildConfigurations = (
				AF092D921E56F71C00D85BCA /* Debug */,
				AF092D931E56F71C00D85BCA /* Release */,
			);
			defaultConfigurationIsVisible = 0;
			defaultConfigurationName = Release;
		};
		AF092D941E56F71C00D85BCA /* Build configuration list for PBXNativeTarget "HYYSDKGroup" */ = {
			isa = XCConfigurationList;
			buildConfigurations = (
				AF092D951E56F71C00D85BCA /* Debug */,
				AF092D961E56F71C00D85BCA /* Release */,
			);
			defaultConfigurationIsVisible = 0;
			defaultConfigurationName = Release;
		};
/* End XCConfigurationList section */
	};
	rootObject = AF092D751E56F71C00D85BCA /* Project object */;
}
